
Microsoft Visual Studio Solution File, Format Version 12.00
# Visual Studio 15
VisualStudioVersion = 15.0.26124.0
MinimumVisualStudioVersion = 15.0.26124.0
Project("{2150E333-8FDC-42A3-9474-1A3956D46DE8}") = "src", "src", "{4044A720-B9B6-4D75-9BD8-96657AAE86F6}"
EndProject
Project("{9A19103F-16F7-4668-BE54-9A1E7A4F7556}") = "ProjectTo_Issue", "src\ProjectTo_Issue\ProjectTo_Issue.csproj", "{18FBA2F0-6595-4B4E-95BB-2982042419CC}"
EndProject
Project("{9A19103F-16F7-4668-BE54-9A1E7A4F7556}") = "DataTables.Queryable", "src\DataTables.Queryable\DataTables.Queryable\DataTables.Queryable.csproj", "{356F761B-B679-45B7-B87B-99FBD38367FC}"
EndProject
Global
	GlobalSection(SolutionConfigurationPlatforms) = preSolution
		Debug|Any CPU = Debug|Any CPU
		Debug|x64 = Debug|x64
		Debug|x86 = Debug|x86
		Release|Any CPU = Release|Any CPU
		Release|x64 = Release|x64
		Release|x86 = Release|x86
	EndGlobalSection
	GlobalSection(ProjectConfigurationPlatforms) = postSolution
		{18FBA2F0-6595-4B4E-95BB-2982042419CC}.Debug|Any CPU.ActiveCfg = Debug|Any CPU
		{18FBA2F0-6595-4B4E-95BB-2982042419CC}.Debug|Any CPU.Build.0 = Debug|Any CPU
		{18FBA2F0-6595-4B4E-95BB-2982042419CC}.Debug|x64.ActiveCfg = Debug|Any CPU
		{18FBA2F0-6595-4B4E-95BB-2982042419CC}.Debug|x64.Build.0 = Debug|Any CPU
		{18FBA2F0-6595-4B4E-95BB-2982042419CC}.Debug|x86.ActiveCfg = Debug|Any CPU
		{18FBA2F0-6595-4B4E-95BB-2982042419CC}.Debug|x86.Build.0 = Debug|Any CPU
		{18FBA2F0-6595-4B4E-95BB-2982042419CC}.Release|Any CPU.ActiveCfg = Release|Any CPU
		{18FBA2F0-6595-4B4E-95BB-2982042419CC}.Release|Any CPU.Build.0 = Release|Any CPU
		{18FBA2F0-6595-4B4E-95BB-2982042419CC}.Release|x64.ActiveCfg = Release|Any CPU
		{18FBA2F0-6595-4B4E-95BB-2982042419CC}.Release|x64.Build.0 = Release|Any CPU
		{18FBA2F0-6595-4B4E-95BB-2982042419CC}.Release|x86.ActiveCfg = Release|Any CPU
		{18FBA2F0-6595-4B4E-95BB-2982042419CC}.Release|x86.Build.0 = Release|Any CPU
		{356F761B-B679-45B7-B87B-99FBD38367FC}.Debug|Any CPU.ActiveCfg = Debug|Any CPU
		{356F761B-B679-45B7-B87B-99FBD38367FC}.Debug|Any CPU.Build.0 = Debug|Any CPU
		{356F761B-B679-45B7-B87B-99FBD38367FC}.Debug|x64.ActiveCfg = Debug|Any CPU
		{356F761B-B679-45B7-B87B-99FBD38367FC}.Debug|x64.Build.0 = Debug|Any CPU
		{356F761B-B679-45B7-B87B-99FBD38367FC}.Debug|x86.ActiveCfg = Debug|Any CPU
		{356F761B-B679-45B7-B87B-99FBD38367FC}.Debug|x86.Build.0 = Debug|Any CPU
		{356F761B-B679-45B7-B87B-99FBD38367FC}.Release|Any CPU.ActiveCfg = Release|Any CPU
		{356F761B-B679-45B7-B87B-99FBD38367FC}.Release|Any CPU.Build.0 = Release|Any CPU
		{356F761B-B679-45B7-B87B-99FBD38367FC}.Release|x64.ActiveCfg = Release|Any CPU
		{356F761B-B679-45B7-B87B-99FBD38367FC}.Release|x64.Build.0 = Release|Any CPU
		{356F761B-B679-45B7-B87B-99FBD38367FC}.Release|x86.ActiveCfg = Release|Any CPU
		{356F761B-B679-45B7-B87B-99FBD38367FC}.Release|x86.Build.0 = Release|Any CPU
	EndGlobalSection
	GlobalSection(SolutionProperties) = preSolution
		HideSolutionNode = FALSE
	EndGlobalSection
	GlobalSection(NestedProjects) = preSolution
		{18FBA2F0-6595-4B4E-95BB-2982042419CC} = {4044A720-B9B6-4D75-9BD8-96657AAE86F6}
		{356F761B-B679-45B7-B87B-99FBD38367FC} = {4044A720-B9B6-4D75-9BD8-96657AAE86F6}
	EndGlobalSection
	GlobalSection(ExtensibilityGlobals) = postSolution
		SolutionGuid = {2FE66BEA-827C-4379-86DF-DA9285AA620D}
	EndGlobalSection
EndGlobal
